# This file is generated by running "yarn install" inside your project.
# Manual changes might be lost - proceed with caution!

__metadata:
  version: 4
  cacheKey: 8

"@yarn-monorepo-sourcemap-repro/a@1.0.0, @yarn-monorepo-sourcemap-repro/a@workspace:packages/a":
  version: 0.0.0-use.local
  resolution: "@yarn-monorepo-sourcemap-repro/a@workspace:packages/a"
  dependencies:
    "@yarn-monorepo-sourcemap-repro/b": 1.0.0
    typescript: ^4.3.5
  languageName: unknown
  linkType: soft

"@yarn-monorepo-sourcemap-repro/b@1.0.0, @yarn-monorepo-sourcemap-repro/b@workspace:packages/b":
  version: 0.0.0-use.local
  resolution: "@yarn-monorepo-sourcemap-repro/b@workspace:packages/b"
  dependencies:
    typescript: ^4.3.5
  languageName: unknown
  linkType: soft

"esbuild-register@npm:^2.6.0":
  version: 2.6.0
  resolution: "esbuild-register@npm:2.6.0"
  dependencies:
    esbuild: ^0.12.8
    jsonc-parser: ^3.0.0
  checksum: c4d0102adf40f7285898d05b2de717baebf059cb1ac50354bb31c4c583bdcdbad4502d941eb20b676fd83f526877daf7f0c66375a1f2cd69508e9b196d916ef6
  languageName: node
  linkType: hard

"esbuild@npm:^0.12.8":
  version: 0.12.15
  resolution: "esbuild@npm:0.12.15"
  bin:
    esbuild: bin/esbuild
  checksum: 7d496cb355d6612506639002224a48469d3bff546cbb3acababfdb84dd5a927973e8b9646ef4af8716647113d4dd25ae6309b7b8956251f73749f7e59c005cb6
  languageName: node
  linkType: hard

"jsonc-parser@npm:^3.0.0":
  version: 3.0.0
  resolution: "jsonc-parser@npm:3.0.0"
  checksum: 1df2326f1f9688de30c70ff19c5b2a83ba3b89a1036160da79821d1361090775e9db502dc57a67c11b56e1186fc1ed70b887f25c5febf9a3ec4f91435836c99d
  languageName: node
  linkType: hard

typescript@^4.3.5:
  version: 4.3.5
  resolution: "typescript@npm:4.3.5"
  bin:
    tsc: bin/tsc
    tsserver: bin/tsserver
  checksum: bab033b5e2b0790dd35b77fd005df976ef80b8d84fd2c6e63cc31808151875beae9216e5a315fe7068e8499905c3c354248fe83272cdfc13b7705635f0c66c97
  languageName: node
  linkType: hard

"typescript@patch:typescript@^4.3.5#~builtin<compat/typescript>":
  version: 4.3.5
  resolution: "typescript@patch:typescript@npm%3A4.3.5#~builtin<compat/typescript>::version=4.3.5&hash=d8b4e7"
  bin:
    tsc: bin/tsc
    tsserver: bin/tsserver
  checksum: bc2c4fdf0f1557fdafe4ef74848c72ebd9c8c60829568248f869121aea2bb20e16649a252431d0acb185ec118143be22bed73d08f64379557810d82756afedde
  languageName: node
  linkType: hard

"yarn-monorepo-sourcemap-repro@workspace:.":
  version: 0.0.0-use.local
  resolution: "yarn-monorepo-sourcemap-repro@workspace:."
  dependencies:
    "@yarn-monorepo-sourcemap-repro/a": 1.0.0
    esbuild-register: ^2.6.0
    typescript: ^4.3.5
  languageName: unknown
  linkType: soft
